{
    "_readme": [
        "This file locks the dependencies of your project to a known state",
        "Read more about it at http://getcomposer.org/doc/01-basic-usage.md#composer-lock-the-lock-file",
        "This file is @generated automatically"
    ],
    "hash": "1f3914ff8e917e2a9e8c6c4775e989eb",
    "packages": [
        {
            "name": "keesiemeijer/additional-content",
            "version": "1.1.0",
            "source": {
                "type": "git",
                "url": "https://github.com/keesiemeijer/additional-content.git",
                "reference": "799c07e0eee3898716402437c3a7284ed7127c81"
            },
            "dist": {
                "type": "zip",
                "url": "https://api.github.com/repos/keesiemeijer/additional-content/zipball/799c07e0eee3898716402437c3a7284ed7127c81",
                "reference": "799c07e0eee3898716402437c3a7284ed7127c81",
                "shasum": ""
            },
            "require": {
                "php": ">=5.4.0"
            },
            "type": "wordpress-plugin",
            "notification-url": "https://packagist.org/downloads/",
            "license": [
                "GPL-2.0+"
            ],
            "authors": [
                {
                    "name": "Kees Meijer",
                    "homepage": "https://keesiemeijer.wordpress.com/"
                }
            ],
            "description": "Displays additional content before or after post content in single post pages.",
            "homepage": "https://github.com/keesiemeijer/additional-content",
            "time": "2015-06-04 14:54:43"
        }
    ],
    "packages-dev": [],
    "aliases": [],
    "minimum-stability": "stable",
    "stability-flags": [],
    "prefer-stable": false,
    "platform": [],
    "platform-dev": []
}
